
Microsoft Visual Studio Solution File, Format Version 12.00
# Visual Studio 15
VisualStudioVersion = 15.0.28307.1062
MinimumVisualStudioVersion = 10.0.40219.1
Project("{FAE04EC0-301F-11D3-BF4B-00C04F79EFBC}") = "1_TypyGeneryczne", "1_TypyGeneryczne\1_TypyGeneryczne.csproj", "{447FBF70-A899-400C-857C-4E500CBEF17A}"
EndProject
Project("{FAE04EC0-301F-11D3-BF4B-00C04F79EFBC}") = "2_KolekcjeGeneryczne", "2_KolekcjeGeneryczne\2_KolekcjeGeneryczne.csproj", "{0FA3B1D6-C647-42F2-92E3-2CA2F5EE9049}"
EndProject
Project("{FAE04EC0-301F-11D3-BF4B-00C04F79EFBC}") = "1_TypyGeneryczneTests", "1_TypyGeneryczneTests\1_TypyGeneryczneTests.csproj", "{3DD5D287-8F32-4174-90BC-FB12346D2757}"
EndProject
Global
	GlobalSection(SolutionConfigurationPlatforms) = preSolution
		Debug|Any CPU = Debug|Any CPU
		Release|Any CPU = Release|Any CPU
	EndGlobalSection
	GlobalSection(ProjectConfigurationPlatforms) = postSolution
		{447FBF70-A899-400C-857C-4E500CBEF17A}.Debug|Any CPU.ActiveCfg = Debug|Any CPU
		{447FBF70-A899-400C-857C-4E500CBEF17A}.Debug|Any CPU.Build.0 = Debug|Any CPU
		{447FBF70-A899-400C-857C-4E500CBEF17A}.Release|Any CPU.ActiveCfg = Release|Any CPU
		{447FBF70-A899-400C-857C-4E500CBEF17A}.Release|Any CPU.Build.0 = Release|Any CPU
		{0FA3B1D6-C647-42F2-92E3-2CA2F5EE9049}.Debug|Any CPU.ActiveCfg = Debug|Any CPU
		{0FA3B1D6-C647-42F2-92E3-2CA2F5EE9049}.Debug|Any CPU.Build.0 = Debug|Any CPU
		{0FA3B1D6-C647-42F2-92E3-2CA2F5EE9049}.Release|Any CPU.ActiveCfg = Release|Any CPU
		{0FA3B1D6-C647-42F2-92E3-2CA2F5EE9049}.Release|Any CPU.Build.0 = Release|Any CPU
		{3DD5D287-8F32-4174-90BC-FB12346D2757}.Debug|Any CPU.ActiveCfg = Debug|Any CPU
		{3DD5D287-8F32-4174-90BC-FB12346D2757}.Debug|Any CPU.Build.0 = Debug|Any CPU
		{3DD5D287-8F32-4174-90BC-FB12346D2757}.Release|Any CPU.ActiveCfg = Release|Any CPU
		{3DD5D287-8F32-4174-90BC-FB12346D2757}.Release|Any CPU.Build.0 = Release|Any CPU
	EndGlobalSection
	GlobalSection(SolutionProperties) = preSolution
		HideSolutionNode = FALSE
	EndGlobalSection
	GlobalSection(ExtensibilityGlobals) = postSolution
		SolutionGuid = {25F7DF32-C44F-4F45-B38C-9F6FF78E8876}
	EndGlobalSection
EndGlobal
